// !$*UTF8*$!
{
	archiveVersion = 1;
	classes = {
	};
	objectVersion = 46;
	objects = {

/* Begin PBXBuildFile section */
		492BDDEB19F9F942006819A4 /* settingsHostViewController.m in Sources */ = {isa = PBXBuildFile; fileRef = 492BDDEA19F9F942006819A4 /* settingsHostViewController.m */; };
		497BDA3819F726D500590EA0 /* CoreData.framework in Frameworks */ = {isa = PBXBuildFile; fileRef = 497BDA3719F726D500590EA0 /* CoreData.framework */; };
		497BDA3A19F726E000590EA0 /* Foundation.framework in Frameworks */ = {isa = PBXBuildFile; fileRef = 497BDA3919F726E000590EA0 /* Foundation.framework */; };
		497BDA3C19F7294500590EA0 /* data.plist in Resources */ = {isa = PBXBuildFile; fileRef = 497BDA3B19F7294500590EA0 /* data.plist */; };
		497BDA4519F739E200590EA0 /* BUOYBeacon.m in Sources */ = {isa = PBXBuildFile; fileRef = 497BDA4019F739E200590EA0 /* BUOYBeacon.m */; };
		497BDA4619F739E200590EA0 /* BUOYListener.m in Sources */ = {isa = PBXBuildFile; fileRef = 497BDA4219F739E200590EA0 /* BUOYListener.m */; };
		497BDA4719F739E200590EA0 /* CLBeacon+Buoy.m in Sources */ = {isa = PBXBuildFile; fileRef = 497BDA4419F739E200590EA0 /* CLBeacon+Buoy.m */; };
		497BDA4A19F73CAD00590EA0 /* plistHelper.m in Sources */ = {isa = PBXBuildFile; fileRef = 497BDA4919F73CAD00590EA0 /* plistHelper.m */; };
		498B8D7519F45A7C0000FE9D /* settingsViewController.m in Sources */ = {isa = PBXBuildFile; fileRef = 498B8D7419F45A7C0000FE9D /* settingsViewController.m */; };
		498B8D7B19F45D6E0000FE9D /* hexKeyboard.m in Sources */ = {isa = PBXBuildFile; fileRef = 498B8D7A19F45D6E0000FE9D /* hexKeyboard.m */; };
		498DE7A119F4552B00ADF1E2 /* main.m in Sources */ = {isa = PBXBuildFile; fileRef = 498DE7A019F4552B00ADF1E2 /* main.m */; };
		498DE7A419F4552B00ADF1E2 /* AppDelegate.m in Sources */ = {isa = PBXBuildFile; fileRef = 498DE7A319F4552B00ADF1E2 /* AppDelegate.m */; };
		498DE7A719F4552B00ADF1E2 /* KeyBeacon.xcdatamodeld in Sources */ = {isa = PBXBuildFile; fileRef = 498DE7A519F4552B00ADF1E2 /* KeyBeacon.xcdatamodeld */; };
		498DE7AA19F4552B00ADF1E2 /* ViewController.m in Sources */ = {isa = PBXBuildFile; fileRef = 498DE7A919F4552B00ADF1E2 /* ViewController.m */; };
		498DE7AD19F4552B00ADF1E2 /* Main.storyboard in Resources */ = {isa = PBXBuildFile; fileRef = 498DE7AB19F4552B00ADF1E2 /* Main.storyboard */; };
		498DE7AF19F4552B00ADF1E2 /* Images.xcassets in Resources */ = {isa = PBXBuildFile; fileRef = 498DE7AE19F4552B00ADF1E2 /* Images.xcassets */; };
		498DE7B219F4552B00ADF1E2 /* LaunchScreen.xib in Resources */ = {isa = PBXBuildFile; fileRef = 498DE7B019F4552B00ADF1E2 /* LaunchScreen.xib */; };
		498DE7BE19F4552B00ADF1E2 /* KeyBeaconTests.m in Sources */ = {isa = PBXBuildFile; fileRef = 498DE7BD19F4552B00ADF1E2 /* KeyBeaconTests.m */; };
/* End PBXBuildFile section */

/* Begin PBXContainerItemProxy section */
		498DE7B819F4552B00ADF1E2 /* PBXContainerItemProxy */ = {
			isa = PBXContainerItemProxy;
			containerPortal = 498DE79319F4552B00ADF1E2 /* Project object */;
			proxyType = 1;
			remoteGlobalIDString = 498DE79A19F4552B00ADF1E2;
			remoteInfo = KeyBeacon;
		};
/* End PBXContainerItemProxy section */

/* Begin PBXFileReference section */
		492BDDE919F9F942006819A4 /* settingsHostViewController.h */ = {isa = PBXFileReference; fileEncoding = 4; lastKnownFileType = sourcecode.c.h; path = settingsHostViewController.h; sourceTree = "<group>"; };
		492BDDEA19F9F942006819A4 /* settingsHostViewController.m */ = {isa = PBXFileReference; fileEncoding = 4; lastKnownFileType = sourcecode.c.objc; path = settingsHostViewController.m; sourceTree = "<group>"; };
		497BDA3719F726D500590EA0 /* CoreData.framework */ = {isa = PBXFileReference; lastKnownFileType = wrapper.framework; name = CoreData.framework; path = System/Library/Frameworks/CoreData.framework; sourceTree = SDKROOT; };
		497BDA3919F726E000590EA0 /* Foundation.framework */ = {isa = PBXFileReference; lastKnownFileType = wrapper.framework; name = Foundation.framework; path = System/Library/Frameworks/Foundation.framework; sourceTree = SDKROOT; };
		497BDA3B19F7294500590EA0 /* data.plist */ = {isa = PBXFileReference; fileEncoding = 4; lastKnownFileType = text.plist.xml; path = data.plist; sourceTree = "<group>"; };
		497BDA3E19F739E200590EA0 /* BUOY.h */ = {isa = PBXFileReference; fileEncoding = 4; lastKnownFileType = sourcecode.c.h; path = BUOY.h; sourceTree = "<group>"; };
		497BDA3F19F739E200590EA0 /* BUOYBeacon.h */ = {isa = PBXFileReference; fileEncoding = 4; lastKnownFileType = sourcecode.c.h; path = BUOYBeacon.h; sourceTree = "<group>"; };
		497BDA4019F739E200590EA0 /* BUOYBeacon.m */ = {isa = PBXFileReference; fileEncoding = 4; lastKnownFileType = sourcecode.c.objc; path = BUOYBeacon.m; sourceTree = "<group>"; };
		497BDA4119F739E200590EA0 /* BUOYListener.h */ = {isa = PBXFileReference; fileEncoding = 4; lastKnownFileType = sourcecode.c.h; path = BUOYListener.h; sourceTree = "<group>"; };
		497BDA4219F739E200590EA0 /* BUOYListener.m */ = {isa = PBXFileReference; fileEncoding = 4; lastKnownFileType = sourcecode.c.objc; path = BUOYListener.m; sourceTree = "<group>"; };
		497BDA4319F739E200590EA0 /* CLBeacon+Buoy.h */ = {isa = PBXFileReference; fileEncoding = 4; lastKnownFileType = sourcecode.c.h; path = "CLBeacon+Buoy.h"; sourceTree = "<group>"; };
		497BDA4419F739E200590EA0 /* CLBeacon+Buoy.m */ = {isa = PBXFileReference; fileEncoding = 4; lastKnownFileType = sourcecode.c.objc; path = "CLBeacon+Buoy.m"; sourceTree = "<group>"; };
		497BDA4819F73CAD00590EA0 /* plistHelper.h */ = {isa = PBXFileReference; fileEncoding = 4; lastKnownFileType = sourcecode.c.h; path = plistHelper.h; sourceTree = "<group>"; };
		497BDA4919F73CAD00590EA0 /* plistHelper.m */ = {isa = PBXFileReference; fileEncoding = 4; lastKnownFileType = sourcecode.c.objc; path = plistHelper.m; sourceTree = "<group>"; };
		498B8D7319F45A7C0000FE9D /* settingsViewController.h */ = {isa = PBXFileReference; fileEncoding = 4; lastKnownFileType = sourcecode.c.h; path = settingsViewController.h; sourceTree = "<group>"; };
		498B8D7419F45A7C0000FE9D /* settingsViewController.m */ = {isa = PBXFileReference; fileEncoding = 4; lastKnownFileType = sourcecode.c.objc; path = settingsViewController.m; sourceTree = "<group>"; };
		498B8D7919F45D6E0000FE9D /* hexKeyboard.h */ = {isa = PBXFileReference; fileEncoding = 4; lastKnownFileType = sourcecode.c.h; path = hexKeyboard.h; sourceTree = "<group>"; };
		498B8D7A19F45D6E0000FE9D /* hexKeyboard.m */ = {isa = PBXFileReference; fileEncoding = 4; lastKnownFileType = sourcecode.c.objc; path = hexKeyboard.m; sourceTree = "<group>"; };
		498DE79B19F4552B00ADF1E2 /* KeyBeacon.app */ = {isa = PBXFileReference; explicitFileType = wrapper.application; includeInIndex = 0; path = KeyBeacon.app; sourceTree = BUILT_PRODUCTS_DIR; };
		498DE79F19F4552B00ADF1E2 /* Info.plist */ = {isa = PBXFileReference; lastKnownFileType = text.plist.xml; path = Info.plist; sourceTree = "<group>"; };
		498DE7A019F4552B00ADF1E2 /* main.m */ = {isa = PBXFileReference; lastKnownFileType = sourcecode.c.objc; path = main.m; sourceTree = "<group>"; };
		498DE7A219F4552B00ADF1E2 /* AppDelegate.h */ = {isa = PBXFileReference; lastKnownFileType = sourcecode.c.h; path = AppDelegate.h; sourceTree = "<group>"; };
		498DE7A319F4552B00ADF1E2 /* AppDelegate.m */ = {isa = PBXFileReference; lastKnownFileType = sourcecode.c.objc; path = AppDelegate.m; sourceTree = "<group>"; };
		498DE7A619F4552B00ADF1E2 /* KeyBeacon.xcdatamodel */ = {isa = PBXFileReference; lastKnownFileType = wrapper.xcdatamodel; path = KeyBeacon.xcdatamodel; sourceTree = "<group>"; };
		498DE7A819F4552B00ADF1E2 /* ViewController.h */ = {isa = PBXFileReference; lastKnownFileType = sourcecode.c.h; path = ViewController.h; sourceTree = "<group>"; };
		498DE7A919F4552B00ADF1E2 /* ViewController.m */ = {isa = PBXFileReference; lastKnownFileType = sourcecode.c.objc; path = ViewController.m; sourceTree = "<group>"; };
		498DE7AC19F4552B00ADF1E2 /* Base */ = {isa = PBXFileReference; lastKnownFileType = file.storyboard; name = Base; path = Base.lproj/Main.storyboard; sourceTree = "<group>"; };
		498DE7AE19F4552B00ADF1E2 /* Images.xcassets */ = {isa = PBXFileReference; lastKnownFileType = folder.assetcatalog; path = Images.xcassets; sourceTree = "<group>"; };
		498DE7B119F4552B00ADF1E2 /* Base */ = {isa = PBXFileReference; lastKnownFileType = file.xib; name = Base; path = Base.lproj/LaunchScreen.xib; sourceTree = "<group>"; };
		498DE7B719F4552B00ADF1E2 /* KeyBeaconTests.xctest */ = {isa = PBXFileReference; explicitFileType = wrapper.cfbundle; includeInIndex = 0; path = KeyBeaconTests.xctest; sourceTree = BUILT_PRODUCTS_DIR; };
		498DE7BC19F4552B00ADF1E2 /* Info.plist */ = {isa = PBXFileReference; lastKnownFileType = text.plist.xml; path = Info.plist; sourceTree = "<group>"; };
		498DE7BD19F4552B00ADF1E2 /* KeyBeaconTests.m */ = {isa = PBXFileReference; lastKnownFileType = sourcecode.c.objc; path = KeyBeaconTests.m; sourceTree = "<group>"; };
/* End PBXFileReference section */

/* Begin PBXFrameworksBuildPhase section */
		498DE79819F4552B00ADF1E2 /* Frameworks */ = {
			isa = PBXFrameworksBuildPhase;
			buildActionMask = 2147483647;
			files = (
				497BDA3A19F726E000590EA0 /* Foundation.framework in Frameworks */,
				497BDA3819F726D500590EA0 /* CoreData.framework in Frameworks */,
			);
			runOnlyForDeploymentPostprocessing = 0;
		};
		498DE7B419F4552B00ADF1E2 /* Frameworks */ = {
			isa = PBXFrameworksBuildPhase;
			buildActionMask = 2147483647;
			files = (
			);
			runOnlyForDeploymentPostprocessing = 0;
		};
/* End PBXFrameworksBuildPhase section */

/* Begin PBXGroup section */
		497BDA3D19F739E200590EA0 /* ObjC_beacon */ = {
			isa = PBXGroup;
			children = (
				497BDA3E19F739E200590EA0 /* BUOY.h */,
				497BDA3F19F739E200590EA0 /* BUOYBeacon.h */,
				497BDA4019F739E200590EA0 /* BUOYBeacon.m */,
				497BDA4119F739E200590EA0 /* BUOYListener.h */,
				497BDA4219F739E200590EA0 /* BUOYListener.m */,
				497BDA4319F739E200590EA0 /* CLBeacon+Buoy.h */,
				497BDA4419F739E200590EA0 /* CLBeacon+Buoy.m */,
			);
			path = ObjC_beacon;
			sourceTree = "<group>";
		};
		498DE79219F4552B00ADF1E2 = {
			isa = PBXGroup;
			children = (
				498DE79D19F4552B00ADF1E2 /* KeyBeacon */,
				498DE7BA19F4552B00ADF1E2 /* KeyBeaconTests */,
				498DE79C19F4552B00ADF1E2 /* Products */,
				8B3FB5C6271D78251E4E3A20 /* Frameworks */,
			);
			sourceTree = "<group>";
		};
		498DE79C19F4552B00ADF1E2 /* Products */ = {
			isa = PBXGroup;
			children = (
				498DE79B19F4552B00ADF1E2 /* KeyBeacon.app */,
				498DE7B719F4552B00ADF1E2 /* KeyBeaconTests.xctest */,
			);
			name = Products;
			sourceTree = "<group>";
		};
		498DE79D19F4552B00ADF1E2 /* KeyBeacon */ = {
			isa = PBXGroup;
			children = (
				497BDA3B19F7294500590EA0 /* data.plist */,
				498DE7A219F4552B00ADF1E2 /* AppDelegate.h */,
				498DE7A319F4552B00ADF1E2 /* AppDelegate.m */,
				498DE7A819F4552B00ADF1E2 /* ViewController.h */,
				498DE7A919F4552B00ADF1E2 /* ViewController.m */,
				498B8D7319F45A7C0000FE9D /* settingsViewController.h */,
				498B8D7419F45A7C0000FE9D /* settingsViewController.m */,
				492BDDE919F9F942006819A4 /* settingsHostViewController.h */,
				492BDDEA19F9F942006819A4 /* settingsHostViewController.m */,
				497BDA4819F73CAD00590EA0 /* plistHelper.h */,
				497BDA4919F73CAD00590EA0 /* plistHelper.m */,
				498B8D7919F45D6E0000FE9D /* hexKeyboard.h */,
				498B8D7A19F45D6E0000FE9D /* hexKeyboard.m */,
				497BDA3D19F739E200590EA0 /* ObjC_beacon */,
				498DE7AB19F4552B00ADF1E2 /* Main.storyboard */,
				498DE7AE19F4552B00ADF1E2 /* Images.xcassets */,
				498DE7B019F4552B00ADF1E2 /* LaunchScreen.xib */,
				498DE7A519F4552B00ADF1E2 /* KeyBeacon.xcdatamodeld */,
				498DE79E19F4552B00ADF1E2 /* Supporting Files */,
			);
			path = KeyBeacon;
			sourceTree = "<group>";
		};
		498DE79E19F4552B00ADF1E2 /* Supporting Files */ = {
			isa = PBXGroup;
			children = (
				498DE79F19F4552B00ADF1E2 /* Info.plist */,
				498DE7A019F4552B00ADF1E2 /* main.m */,
			);
			name = "Supporting Files";
			sourceTree = "<group>";
		};
		498DE7BA19F4552B00ADF1E2 /* KeyBeaconTests */ = {
			isa = PBXGroup;
			children = (
				498DE7BD19F4552B00ADF1E2 /* KeyBeaconTests.m */,
				498DE7BB19F4552B00ADF1E2 /* Supporting Files */,
			);
			path = KeyBeaconTests;
			sourceTree = "<group>";
		};
		498DE7BB19F4552B00ADF1E2 /* Supporting Files */ = {
			isa = PBXGroup;
			children = (
				498DE7BC19F4552B00ADF1E2 /* Info.plist */,
			);
			name = "Supporting Files";
			sourceTree = "<group>";
		};
		8B3FB5C6271D78251E4E3A20 /* Frameworks */ = {
			isa = PBXGroup;
			children = (
				497BDA3919F726E000590EA0 /* Foundation.framework */,
				497BDA3719F726D500590EA0 /* CoreData.framework */,
			);
			name = Frameworks;
			sourceTree = "<group>";
		};
/* End PBXGroup section */

/* Begin PBXNativeTarget section */
		498DE79A19F4552B00ADF1E2 /* KeyBeacon */ = {
			isa = PBXNativeTarget;
			buildConfigurationList = 498DE7C119F4552B00ADF1E2 /* Build configuration list for PBXNativeTarget "KeyBeacon" */;
			buildPhases = (
				498DE79719F4552B00ADF1E2 /* Sources */,
				498DE79819F4552B00ADF1E2 /* Frameworks */,
				498DE79919F4552B00ADF1E2 /* Resources */,
			);
			buildRules = (
			);
			dependencies = (
			);
			name = KeyBeacon;
			productName = KeyBeacon;
			productReference = 498DE79B19F4552B00ADF1E2 /* KeyBeacon.app */;
			productType = "com.apple.product-type.application";
		};
		498DE7B619F4552B00ADF1E2 /* KeyBeaconTests */ = {
			isa = PBXNativeTarget;
			buildConfigurationList = 498DE7C419F4552B00ADF1E2 /* Build configuration list for PBXNativeTarget "KeyBeaconTests" */;
			buildPhases = (
				498DE7B319F4552B00ADF1E2 /* Sources */,
				498DE7B419F4552B00ADF1E2 /* Frameworks */,
				498DE7B519F4552B00ADF1E2 /* Resources */,
			);
			buildRules = (
			);
			dependencies = (
				498DE7B919F4552B00ADF1E2 /* PBXTargetDependency */,
			);
			name = KeyBeaconTests;
			productName = KeyBeaconTests;
			productReference = 498DE7B719F4552B00ADF1E2 /* KeyBeaconTests.xctest */;
			productType = "com.apple.product-type.bundle.unit-test";
		};
/* End PBXNativeTarget section */

/* Begin PBXProject section */
		498DE79319F4552B00ADF1E2 /* Project object */ = {
			isa = PBXProject;
			attributes = {
				LastUpgradeCheck = 0600;
				ORGANIZATIONNAME = "Andrew Sowers";
				TargetAttributes = {
					498DE79A19F4552B00ADF1E2 = {
						CreatedOnToolsVersion = 6.0.1;
						DevelopmentTeam = 2DP9335PZJ;
						SystemCapabilities = {
							com.apple.BackgroundModes = {
								enabled = 1;
							};
						};
					};
					498DE7B619F4552B00ADF1E2 = {
						CreatedOnToolsVersion = 6.0.1;
						TestTargetID = 498DE79A19F4552B00ADF1E2;
					};
				};
			};
			buildConfigurationList = 498DE79619F4552B00ADF1E2 /* Build configuration list for PBXProject "KeyBeacon" */;
			compatibilityVersion = "Xcode 3.2";
			developmentRegion = English;
			hasScannedForEncodings = 0;
			knownRegions = (
				en,
				Base,
			);
			mainGroup = 498DE79219F4552B00ADF1E2;
			productRefGroup = 498DE79C19F4552B00ADF1E2 /* Products */;
			projectDirPath = "";
			projectRoot = "";
			targets = (
				498DE79A19F4552B00ADF1E2 /* KeyBeacon */,
				498DE7B619F4552B00ADF1E2 /* KeyBeaconTests */,
			);
		};
/* End PBXProject section */

/* Begin PBXResourcesBuildPhase section */
		498DE79919F4552B00ADF1E2 /* Resources */ = {
			isa = PBXResourcesBuildPhase;
			buildActionMask = 2147483647;
			files = (
				498DE7AD19F4552B00ADF1E2 /* Main.storyboard in Resources */,
				498DE7B219F4552B00ADF1E2 /* LaunchScreen.xib in Resources */,
				497BDA3C19F7294500590EA0 /* data.plist in Resources */,
				498DE7AF19F4552B00ADF1E2 /* Images.xcassets in Resources */,
			);
			runOnlyForDeploymentPostprocessing = 0;
		};
		498DE7B519F4552B00ADF1E2 /* Resources */ = {
			isa = PBXResourcesBuildPhase;
			buildActionMask = 2147483647;
			files = (
			);
			runOnlyForDeploymentPostprocessing = 0;
		};
/* End PBXResourcesBuildPhase section */

/* Begin PBXSourcesBuildPhase section */
		498DE79719F4552B00ADF1E2 /* Sources */ = {
			isa = PBXSourcesBuildPhase;
			buildActionMask = 2147483647;
			files = (
				497BDA4A19F73CAD00590EA0 /* plistHelper.m in Sources */,
				497BDA4519F739E200590EA0 /* BUOYBeacon.m in Sources */,
				498B8D7519F45A7C0000FE9D /* settingsViewController.m in Sources */,
				498B8D7B19F45D6E0000FE9D /* hexKeyboard.m in Sources */,
				498DE7A419F4552B00ADF1E2 /* AppDelegate.m in Sources */,
				498DE7A719F4552B00ADF1E2 /* KeyBeacon.xcdatamodeld in Sources */,
				498DE7AA19F4552B00ADF1E2 /* ViewController.m in Sources */,
				497BDA4619F739E200590EA0 /* BUOYListener.m in Sources */,
				498DE7A119F4552B00ADF1E2 /* main.m in Sources */,
				492BDDEB19F9F942006819A4 /* settingsHostViewController.m in Sources */,
				497BDA4719F739E200590EA0 /* CLBeacon+Buoy.m in Sources */,
			);
			runOnlyForDeploymentPostprocessing = 0;
		};
		498DE7B319F4552B00ADF1E2 /* Sources */ = {
			isa = PBXSourcesBuildPhase;
			buildActionMask = 2147483647;
			files = (
				498DE7BE19F4552B00ADF1E2 /* KeyBeaconTests.m in Sources */,
			);
			runOnlyForDeploymentPostprocessing = 0;
		};
/* End PBXSourcesBuildPhase section */

/* Begin PBXTargetDependency section */
		498DE7B919F4552B00ADF1E2 /* PBXTargetDependency */ = {
			isa = PBXTargetDependency;
			target = 498DE79A19F4552B00ADF1E2 /* KeyBeacon */;
			targetProxy = 498DE7B819F4552B00ADF1E2 /* PBXContainerItemProxy */;
		};
/* End PBXTargetDependency section */

/* Begin PBXVariantGroup section */
		498DE7AB19F4552B00ADF1E2 /* Main.storyboard */ = {
			isa = PBXVariantGroup;
			children = (
				498DE7AC19F4552B00ADF1E2 /* Base */,
			);
			name = Main.storyboard;
			sourceTree = "<group>";
		};
		498DE7B019F4552B00ADF1E2 /* LaunchScreen.xib */ = {
			isa = PBXVariantGroup;
			children = (
				498DE7B119F4552B00ADF1E2 /* Base */,
			);
			name = LaunchScreen.xib;
			sourceTree = "<group>";
		};
/* End PBXVariantGroup section */

/* Begin XCBuildConfiguration section */
		498DE7BF19F4552B00ADF1E2 /* Debug */ = {
			isa = XCBuildConfiguration;
			buildSettings = {
				ALWAYS_SEARCH_USER_PATHS = NO;
				CLANG_CXX_LANGUAGE_STANDARD = "gnu++0x";
				CLANG_CXX_LIBRARY = "libc++";
				CLANG_ENABLE_MODULES = YES;
				CLANG_ENABLE_OBJC_ARC = YES;
				CLANG_WARN_BOOL_CONVERSION = YES;
				CLANG_WARN_CONSTANT_CONVERSION = YES;
				CLANG_WARN_DIRECT_OBJC_ISA_USAGE = YES_ERROR;
				CLANG_WARN_EMPTY_BODY = YES;
				CLANG_WARN_ENUM_CONVERSION = YES;
				CLANG_WARN_INT_CONVERSION = YES;
				CLANG_WARN_OBJC_ROOT_CLASS = YES_ERROR;
				CLANG_WARN_UNREACHABLE_CODE = YES;
				CLANG_WARN__DUPLICATE_METHOD_MATCH = YES;
				"CODE_SIGN_IDENTITY[sdk=iphoneos*]" = "iPhone Developer";
				COPY_PHASE_STRIP = NO;
				ENABLE_STRICT_OBJC_MSGSEND = YES;
				GCC_C_LANGUAGE_STANDARD = gnu99;
				GCC_DYNAMIC_NO_PIC = NO;
				GCC_OPTIMIZATION_LEVEL = 0;
				GCC_PREPROCESSOR_DEFINITIONS = (
					"DEBUG=1",
					"$(inherited)",
				);
				GCC_SYMBOLS_PRIVATE_EXTERN = NO;
				GCC_WARN_64_TO_32_BIT_CONVERSION = YES;
				GCC_WARN_ABOUT_RETURN_TYPE = YES_ERROR;
				GCC_WARN_UNDECLARED_SELECTOR = YES;
				GCC_WARN_UNINITIALIZED_AUTOS = YES_AGGRESSIVE;
				GCC_WARN_UNUSED_FUNCTION = YES;
				GCC_WARN_UNUSED_VARIABLE = YES;
				IPHONEOS_DEPLOYMENT_TARGET = 8.0;
				MTL_ENABLE_DEBUG_INFO = YES;
				ONLY_ACTIVE_ARCH = YES;
				SDKROOT = iphoneos;
				TARGETED_DEVICE_FAMILY = "1,2";
			};
			name = Debug;
		};
		498DE7C019F4552B00ADF1E2 /* Release */ = {
			isa = XCBuildConfiguration;
			buildSettings = {
				ALWAYS_SEARCH_USER_PATHS = NO;
				CLANG_CXX_LANGUAGE_STANDARD = "gnu++0x";
				CLANG_CXX_LIBRARY = "libc++";
				CLANG_ENABLE_MODULES = YES;
				CLANG_ENABLE_OBJC_ARC = YES;
				CLANG_WARN_BOOL_CONVERSION = YES;
				CLANG_WARN_CONSTANT_CONVERSION = YES;
				CLANG_WARN_DIRECT_OBJC_ISA_USAGE = YES_ERROR;
				CLANG_WARN_EMPTY_BODY = YES;
				CLANG_WARN_ENUM_CONVERSION = YES;
				CLANG_WARN_INT_CONVERSION = YES;
				CLANG_WARN_OBJC_ROOT_CLASS = YES_ERROR;
				CLANG_WARN_UNREACHABLE_CODE = YES;
				CLANG_WARN__DUPLICATE_METHOD_MATCH = YES;
				"CODE_SIGN_IDENTITY[sdk=iphoneos*]" = "iPhone Developer";
				COPY_PHASE_STRIP = YES;
				ENABLE_NS_ASSERTIONS = NO;
				ENABLE_STRICT_OBJC_MSGSEND = YES;
				GCC_C_LANGUAGE_STANDARD = gnu99;
				GCC_WARN_64_TO_32_BIT_CONVERSION = YES;
				GCC_WARN_ABOUT_RETURN_TYPE = YES_ERROR;
				GCC_WARN_UNDECLARED_SELECTOR = YES;
				GCC_WARN_UNINITIALIZED_AUTOS = YES_AGGRESSIVE;
				GCC_WARN_UNUSED_FUNCTION = YES;
				GCC_WARN_UNUSED_VARIABLE = YES;
				IPHONEOS_DEPLOYMENT_TARGET = 8.0;
				MTL_ENABLE_DEBUG_INFO = NO;
				SDKROOT = iphoneos;
				TARGETED_DEVICE_FAMILY = "1,2";
				VALIDATE_PRODUCT = YES;
			};
			name = Release;
		};
		498DE7C219F4552B00ADF1E2 /* Debug */ = {
			isa = XCBuildConfiguration;
			buildSettings = {
				ASSETCATALOG_COMPILER_APPICON_NAME = AppIcon;
				CODE_SIGN_IDENTITY = "iPhone Developer";
				"CODE_SIGN_IDENTITY[sdk=iphoneos*]" = "iPhone Developer";
				INFOPLIST_FILE = KeyBeacon/Info.plist;
				LD_RUNPATH_SEARCH_PATHS = "$(inherited) @executable_path/Frameworks";
				PRODUCT_NAME = "$(TARGET_NAME)";
				PROVISIONING_PROFILE = "";
				TARGETED_DEVICE_FAMILY = "1,2";
			};
			name = Debug;
		};
		498DE7C319F4552B00ADF1E2 /* Release */ = {
			isa = XCBuildConfiguration;
			buildSettings = {
				ASSETCATALOG_COMPILER_APPICON_NAME = AppIcon;
				CODE_SIGN_IDENTITY = "iPhone Developer";
				"CODE_SIGN_IDENTITY[sdk=iphoneos*]" = "iPhone Developer";
				INFOPLIST_FILE = KeyBeacon/Info.plist;
				LD_RUNPATH_SEARCH_PATHS = "$(inherited) @executable_path/Frameworks";
				PRODUCT_NAME = "$(TARGET_NAME)";
				PROVISIONING_PROFILE = "";
				TARGETED_DEVICE_FAMILY = "1,2";
			};
			name = Release;
		};
		498DE7C519F4552B00ADF1E2 /* Debug */ = {
			isa = XCBuildConfiguration;
			buildSettings = {
				BUNDLE_LOADER = "$(TEST_HOST)";
				FRAMEWORK_SEARCH_PATHS = (
					"$(SDKROOT)/Developer/Library/Frameworks",
					"$(inherited)",
				);
				GCC_PREPROCESSOR_DEFINITIONS = (
					"DEBUG=1",
					"$(inherited)",
				);
				INFOPLIST_FILE = KeyBeaconTests/Info.plist;
				LD_RUNPATH_SEARCH_PATHS = "$(inherited) @executable_path/Frameworks @loader_path/Frameworks";
				PRODUCT_NAME = "$(TARGET_NAME)";
				TEST_HOST = "$(BUILT_PRODUCTS_DIR)/KeyBeacon.app/KeyBeacon";
			};
			name = Debug;
		};
		498DE7C619F4552B00ADF1E2 /* Release */ = {
			isa = XCBuildConfiguration;
			buildSettings = {
				BUNDLE_LOADER = "$(TEST_HOST)";
				FRAMEWORK_SEARCH_PATHS = (
					"$(SDKROOT)/Developer/Library/Frameworks",
					"$(inherited)",
				);
				INFOPLIST_FILE = KeyBeaconTests/Info.plist;
				LD_RUNPATH_SEARCH_PATHS = "$(inherited) @executable_path/Frameworks @loader_path/Frameworks";
				PRODUCT_NAME = "$(TARGET_NAME)";
				TEST_HOST = "$(BUILT_PRODUCTS_DIR)/KeyBeacon.app/KeyBeacon";
			};
			name = Release;
		};
/* End XCBuildConfiguration section */

/* Begin XCConfigurationList section */
		498DE79619F4552B00ADF1E2 /* Build configuration list for PBXProject "KeyBeacon" */ = {
			isa = XCConfigurationList;
			buildConfigurations = (
				498DE7BF19F4552B00ADF1E2 /* Debug */,
				498DE7C019F4552B00ADF1E2 /* Release */,
			);
			defaultConfigurationIsVisible = 0;
			defaultConfigurationName = Release;
		};
		498DE7C119F4552B00ADF1E2 /* Build configuration list for PBXNativeTarget "KeyBeacon" */ = {
			isa = XCConfigurationList;
			buildConfigurations = (
				498DE7C219F4552B00ADF1E2 /* Debug */,
				498DE7C319F4552B00ADF1E2 /* Release */,
			);
			defaultConfigurationIsVisible = 0;
			defaultConfigurationName = Release;
		};
		498DE7C419F4552B00ADF1E2 /* Build configuration list for PBXNativeTarget "KeyBeaconTests" */ = {
			isa = XCConfigurationList;
			buildConfigurations = (
				498DE7C519F4552B00ADF1E2 /* Debug */,
				498DE7C619F4552B00ADF1E2 /* Release */,
			);
			defaultConfigurationIsVisible = 0;
			defaultConfigurationName = Release;
		};
/* End XCConfigurationList section */

/* Begin XCVersionGroup section */
		498DE7A519F4552B00ADF1E2 /* KeyBeacon.xcdatamodeld */ = {
			isa = XCVersionGroup;
			children = (
				498DE7A619F4552B00ADF1E2 /* KeyBeacon.xcdatamodel */,
			);
			currentVersion = 498DE7A619F4552B00ADF1E2 /* KeyBeacon.xcdatamodel */;
			path = KeyBeacon.xcdatamodeld;
			sourceTree = "<group>";
			versionGroupType = wrapper.xcdatamodel;
		};
/* End XCVersionGroup section */
	};
	rootObject = 498DE79319F4552B00ADF1E2 /* Project object */;
}
